
Microsoft Visual Studio Solution File, Format Version 12.00
# Visual Studio Version 17
VisualStudioVersion = 17.9.34616.47
MinimumVisualStudioVersion = 10.0.40219.1
Project("{FAE04EC0-301F-11D3-BF4B-00C04F79EFBC}") = "AlbumFotos", "AlbumFotos\AlbumFotos.csproj", "{026DEFF0-E9FA-42F2-94F0-CC34AB9E3677}"
EndProject
Global
	GlobalSection(SolutionConfigurationPlatforms) = preSolution
		Debug|Any CPU = Debug|Any CPU
		Release|Any CPU = Release|Any CPU
	EndGlobalSection
	GlobalSection(ProjectConfigurationPlatforms) = postSolution
		{026DEFF0-E9FA-42F2-94F0-CC34AB9E3677}.Debug|Any CPU.ActiveCfg = Debug|Any CPU
		{026DEFF0-E9FA-42F2-94F0-CC34AB9E3677}.Debug|Any CPU.Build.0 = Debug|Any CPU
		{026DEFF0-E9FA-42F2-94F0-CC34AB9E3677}.Release|Any CPU.ActiveCfg = Release|Any CPU
		{026DEFF0-E9FA-42F2-94F0-CC34AB9E3677}.Release|Any CPU.Build.0 = Release|Any CPU
	EndGlobalSection
	GlobalSection(SolutionProperties) = preSolution
		HideSolutionNode = FALSE
	EndGlobalSection
	GlobalSection(ExtensibilityGlobals) = postSolution
		SolutionGuid = {35269156-1747-4DED-8AA1-3F722F8E08B8}
	EndGlobalSection
EndGlobal
